// !$*UTF8*$!
{
	archiveVersion = 1;
	classes = {
	};
	objectVersion = 50;
	objects = {

/* Begin PBXBuildFile section */
		318CAB5E26A724900016A70A /* AppDelegate.swift in Sources */ = {isa = PBXBuildFile; fileRef = 318CAB5D26A724900016A70A /* AppDelegate.swift */; };
		318CAB6026A724900016A70A /* SceneDelegate.swift in Sources */ = {isa = PBXBuildFile; fileRef = 318CAB5F26A724900016A70A /* SceneDelegate.swift */; };
		318CAB6226A724900016A70A /* ViewController.swift in Sources */ = {isa = PBXBuildFile; fileRef = 318CAB6126A724900016A70A /* ViewController.swift */; };
		318CAB6526A724900016A70A /* Main.storyboard in Resources */ = {isa = PBXBuildFile; fileRef = 318CAB6326A724900016A70A /* Main.storyboard */; };
		318CAB6726A724910016A70A /* Assets.xcassets in Resources */ = {isa = PBXBuildFile; fileRef = 318CAB6626A724910016A70A /* Assets.xcassets */; };
		318CAB6A26A724910016A70A /* LaunchScreen.storyboard in Resources */ = {isa = PBXBuildFile; fileRef = 318CAB6826A724910016A70A /* LaunchScreen.storyboard */; };
		318CAB7426A72A860016A70A /* GreenViewController.swift in Sources */ = {isa = PBXBuildFile; fileRef = 318CAB7326A72A860016A70A /* GreenViewController.swift */; };
		318CAB7626A72AB30016A70A /* PurpleViewController.swift in Sources */ = {isa = PBXBuildFile; fileRef = 318CAB7526A72AB30016A70A /* PurpleViewController.swift */; };
		318CAB7826A72AC40016A70A /* OrangeViewController.swift in Sources */ = {isa = PBXBuildFile; fileRef = 318CAB7726A72AC40016A70A /* OrangeViewController.swift */; };
		318CAB7A26A72AD50016A70A /* LightPurpleViewController.swift in Sources */ = {isa = PBXBuildFile; fileRef = 318CAB7926A72AD50016A70A /* LightPurpleViewController.swift */; };
		318CAB7D26A72D0A0016A70A /* ButtonViewController.swift in Sources */ = {isa = PBXBuildFile; fileRef = 318CAB7C26A72D0A0016A70A /* ButtonViewController.swift */; };
		318CAB7F26A7311C0016A70A /* PinkViewController.swift in Sources */ = {isa = PBXBuildFile; fileRef = 318CAB7E26A7311C0016A70A /* PinkViewController.swift */; };
		318CAB8126A731F90016A70A /* YellowViewController.swift in Sources */ = {isa = PBXBuildFile; fileRef = 318CAB8026A731F90016A70A /* YellowViewController.swift */; };
/* End PBXBuildFile section */

/* Begin PBXFileReference section */
		318CAB5A26A724900016A70A /* Segues.app */ = {isa = PBXFileReference; explicitFileType = wrapper.application; includeInIndex = 0; path = Segues.app; sourceTree = BUILT_PRODUCTS_DIR; };
		318CAB5D26A724900016A70A /* AppDelegate.swift */ = {isa = PBXFileReference; lastKnownFileType = sourcecode.swift; path = AppDelegate.swift; sourceTree = "<group>"; };
		318CAB5F26A724900016A70A /* SceneDelegate.swift */ = {isa = PBXFileReference; lastKnownFileType = sourcecode.swift; path = SceneDelegate.swift; sourceTree = "<group>"; };
		318CAB6126A724900016A70A /* ViewController.swift */ = {isa = PBXFileReference; lastKnownFileType = sourcecode.swift; path = ViewController.swift; sourceTree = "<group>"; };
		318CAB6426A724900016A70A /* Base */ = {isa = PBXFileReference; lastKnownFileType = file.storyboard; name = Base; path = Base.lproj/Main.storyboard; sourceTree = "<group>"; };
		318CAB6626A724910016A70A /* Assets.xcassets */ = {isa = PBXFileReference; lastKnownFileType = folder.assetcatalog; path = Assets.xcassets; sourceTree = "<group>"; };
		318CAB6926A724910016A70A /* Base */ = {isa = PBXFileReference; lastKnownFileType = file.storyboard; name = Base; path = Base.lproj/LaunchScreen.storyboard; sourceTree = "<group>"; };
		318CAB6B26A724910016A70A /* Info.plist */ = {isa = PBXFileReference; lastKnownFileType = text.plist.xml; path = Info.plist; sourceTree = "<group>"; };
		318CAB7326A72A860016A70A /* GreenViewController.swift */ = {isa = PBXFileReference; lastKnownFileType = sourcecode.swift; path = GreenViewController.swift; sourceTree = "<group>"; };
		318CAB7526A72AB30016A70A /* PurpleViewController.swift */ = {isa = PBXFileReference; lastKnownFileType = sourcecode.swift; path = PurpleViewController.swift; sourceTree = "<group>"; };
		318CAB7726A72AC40016A70A /* OrangeViewController.swift */ = {isa = PBXFileReference; lastKnownFileType = sourcecode.swift; path = OrangeViewController.swift; sourceTree = "<group>"; };
		318CAB7926A72AD50016A70A /* LightPurpleViewController.swift */ = {isa = PBXFileReference; lastKnownFileType = sourcecode.swift; path = LightPurpleViewController.swift; sourceTree = "<group>"; };
		318CAB7C26A72D0A0016A70A /* ButtonViewController.swift */ = {isa = PBXFileReference; lastKnownFileType = sourcecode.swift; path = ButtonViewController.swift; sourceTree = "<group>"; };
		318CAB7E26A7311C0016A70A /* PinkViewController.swift */ = {isa = PBXFileReference; lastKnownFileType = sourcecode.swift; path = PinkViewController.swift; sourceTree = "<group>"; };
		318CAB8026A731F90016A70A /* YellowViewController.swift */ = {isa = PBXFileReference; lastKnownFileType = sourcecode.swift; path = YellowViewController.swift; sourceTree = "<group>"; };
/* End PBXFileReference section */

/* Begin PBXFrameworksBuildPhase section */
		318CAB5726A724900016A70A /* Frameworks */ = {
			isa = PBXFrameworksBuildPhase;
			buildActionMask = 2147483647;
			files = (
			);
			runOnlyForDeploymentPostprocessing = 0;
		};
/* End PBXFrameworksBuildPhase section */

/* Begin PBXGroup section */
		318CAB5126A724900016A70A = {
			isa = PBXGroup;
			children = (
				318CAB5C26A724900016A70A /* Segues */,
				318CAB5B26A724900016A70A /* Products */,
			);
			sourceTree = "<group>";
		};
		318CAB5B26A724900016A70A /* Products */ = {
			isa = PBXGroup;
			children = (
				318CAB5A26A724900016A70A /* Segues.app */,
			);
			name = Products;
			sourceTree = "<group>";
		};
		318CAB5C26A724900016A70A /* Segues */ = {
			isa = PBXGroup;
			children = (
				318CAB7B26A72B190016A70A /* View Controllers */,
				318CAB5D26A724900016A70A /* AppDelegate.swift */,
				318CAB5F26A724900016A70A /* SceneDelegate.swift */,
				318CAB6326A724900016A70A /* Main.storyboard */,
				318CAB8026A731F90016A70A /* YellowViewController.swift */,
				318CAB6626A724910016A70A /* Assets.xcassets */,
				318CAB6826A724910016A70A /* LaunchScreen.storyboard */,
				318CAB6B26A724910016A70A /* Info.plist */,
			);
			path = Segues;
			sourceTree = "<group>";
		};
		318CAB7B26A72B190016A70A /* View Controllers */ = {
			isa = PBXGroup;
			children = (
				318CAB6126A724900016A70A /* ViewController.swift */,
				318CAB7926A72AD50016A70A /* LightPurpleViewController.swift */,
				318CAB7326A72A860016A70A /* GreenViewController.swift */,
				318CAB7526A72AB30016A70A /* PurpleViewController.swift */,
				318CAB7726A72AC40016A70A /* OrangeViewController.swift */,
				318CAB7C26A72D0A0016A70A /* ButtonViewController.swift */,
				318CAB7E26A7311C0016A70A /* PinkViewController.swift */,
			);
			path = "View Controllers";
			sourceTree = "<group>";
		};
/* End PBXGroup section */

/* Begin PBXNativeTarget section */
		318CAB5926A724900016A70A /* Segues */ = {
			isa = PBXNativeTarget;
			buildConfigurationList = 318CAB6E26A724910016A70A /* Build configuration list for PBXNativeTarget "Segues" */;
			buildPhases = (
				318CAB5626A724900016A70A /* Sources */,
				318CAB5726A724900016A70A /* Frameworks */,
				318CAB5826A724900016A70A /* Resources */,
			);
			buildRules = (
			);
			dependencies = (
			);
			name = Segues;
			productName = Segues;
			productReference = 318CAB5A26A724900016A70A /* Segues.app */;
			productType = "com.apple.product-type.application";
		};
/* End PBXNativeTarget section */

/* Begin PBXProject section */
		318CAB5226A724900016A70A /* Project object */ = {
			isa = PBXProject;
			attributes = {
				LastSwiftUpdateCheck = 1250;
				LastUpgradeCheck = 1250;
				TargetAttributes = {
					318CAB5926A724900016A70A = {
						CreatedOnToolsVersion = 12.5;
					};
				};
			};
			buildConfigurationList = 318CAB5526A724900016A70A /* Build configuration list for PBXProject "Segues" */;
			compatibilityVersion = "Xcode 9.3";
			developmentRegion = en;
			hasScannedForEncodings = 0;
			knownRegions = (
				en,
				Base,
			);
			mainGroup = 318CAB5126A724900016A70A;
			productRefGroup = 318CAB5B26A724900016A70A /* Products */;
			projectDirPath = "";
			projectRoot = "";
			targets = (
				318CAB5926A724900016A70A /* Segues */,
			);
		};
/* End PBXProject section */

/* Begin PBXResourcesBuildPhase section */
		318CAB5826A724900016A70A /* Resources */ = {
			isa = PBXResourcesBuildPhase;
			buildActionMask = 2147483647;
			files = (
				318CAB6A26A724910016A70A /* LaunchScreen.storyboard in Resources */,
				318CAB6726A724910016A70A /* Assets.xcassets in Resources */,
				318CAB6526A724900016A70A /* Main.storyboard in Resources */,
			);
			runOnlyForDeploymentPostprocessing = 0;
		};
/* End PBXResourcesBuildPhase section */

/* Begin PBXSourcesBuildPhase section */
		318CAB5626A724900016A70A /* Sources */ = {
			isa = PBXSourcesBuildPhase;
			buildActionMask = 2147483647;
			files = (
				318CAB7F26A7311C0016A70A /* PinkViewController.swift in Sources */,
				318CAB7D26A72D0A0016A70A /* ButtonViewController.swift in Sources */,
				318CAB7426A72A860016A70A /* GreenViewController.swift in Sources */,
				318CAB6226A724900016A70A /* ViewController.swift in Sources */,
				318CAB8126A731F90016A70A /* YellowViewController.swift in Sources */,
				318CAB7826A72AC40016A70A /* OrangeViewController.swift in Sources */,
				318CAB7626A72AB30016A70A /* PurpleViewController.swift in Sources */,
				318CAB5E26A724900016A70A /* AppDelegate.swift in Sources */,
				318CAB6026A724900016A70A /* SceneDelegate.swift in Sources */,
				318CAB7A26A72AD50016A70A /* LightPurpleViewController.swift in Sources */,
			);
			runOnlyForDeploymentPostprocessing = 0;
		};
/* End PBXSourcesBuildPhase section */

/* Begin PBXVariantGroup section */
		318CAB6326A724900016A70A /* Main.storyboard */ = {
			isa = PBXVariantGroup;
			children = (
				318CAB6426A724900016A70A /* Base */,
			);
			name = Main.storyboard;
			sourceTree = "<group>";
		};
		318CAB6826A724910016A70A /* LaunchScreen.storyboard */ = {
			isa = PBXVariantGroup;
			children = (
				318CAB6926A724910016A70A /* Base */,
			);
			name = LaunchScreen.storyboard;
			sourceTree = "<group>";
		};
/* End PBXVariantGroup section */

/* Begin XCBuildConfiguration section */
		318CAB6C26A724910016A70A /* Debug */ = {
			isa = XCBuildConfiguration;
			buildSettings = {
				ALWAYS_SEARCH_USER_PATHS = NO;
				CLANG_ANALYZER_NONNULL = YES;
				CLANG_ANALYZER_NUMBER_OBJECT_CONVERSION = YES_AGGRESSIVE;
				CLANG_CXX_LANGUAGE_STANDARD = "gnu++14";
				CLANG_CXX_LIBRARY = "libc++";
				CLANG_ENABLE_MODULES = YES;
				CLANG_ENABLE_OBJC_ARC = YES;
				CLANG_ENABLE_OBJC_WEAK = YES;
				CLANG_WARN_BLOCK_CAPTURE_AUTORELEASING = YES;
				CLANG_WARN_BOOL_CONVERSION = YES;
				CLANG_WARN_COMMA = YES;
				CLANG_WARN_CONSTANT_CONVERSION = YES;
				CLANG_WARN_DEPRECATED_OBJC_IMPLEMENTATIONS = YES;
				CLANG_WARN_DIRECT_OBJC_ISA_USAGE = YES_ERROR;
				CLANG_WARN_DOCUMENTATION_COMMENTS = YES;
				CLANG_WARN_EMPTY_BODY = YES;
				CLANG_WARN_ENUM_CONVERSION = YES;
				CLANG_WARN_INFINITE_RECURSION = YES;
				CLANG_WARN_INT_CONVERSION = YES;
				CLANG_WARN_NON_LITERAL_NULL_CONVERSION = YES;
				CLANG_WARN_OBJC_IMPLICIT_RETAIN_SELF = YES;
				CLANG_WARN_OBJC_LITERAL_CONVERSION = YES;
				CLANG_WARN_OBJC_ROOT_CLASS = YES_ERROR;
				CLANG_WARN_QUOTED_INCLUDE_IN_FRAMEWORK_HEADER = YES;
				CLANG_WARN_RANGE_LOOP_ANALYSIS = YES;
				CLANG_WARN_STRICT_PROTOTYPES = YES;
				CLANG_WARN_SUSPICIOUS_MOVE = YES;
				CLANG_WARN_UNGUARDED_AVAILABILITY = YES_AGGRESSIVE;
				CLANG_WARN_UNREACHABLE_CODE = YES;
				CLANG_WARN__DUPLICATE_METHOD_MATCH = YES;
				COPY_PHASE_STRIP = NO;
				DEBUG_INFORMATION_FORMAT = dwarf;
				ENABLE_STRICT_OBJC_MSGSEND = YES;
				ENABLE_TESTABILITY = YES;
				GCC_C_LANGUAGE_STANDARD = gnu11;
				GCC_DYNAMIC_NO_PIC = NO;
				GCC_NO_COMMON_BLOCKS = YES;
				GCC_OPTIMIZATION_LEVEL = 0;
				GCC_PREPROCESSOR_DEFINITIONS = (
					"DEBUG=1",
					"$(inherited)",
				);
				GCC_WARN_64_TO_32_BIT_CONVERSION = YES;
				GCC_WARN_ABOUT_RETURN_TYPE = YES_ERROR;
				GCC_WARN_UNDECLARED_SELECTOR = YES;
				GCC_WARN_UNINITIALIZED_AUTOS = YES_AGGRESSIVE;
				GCC_WARN_UNUSED_FUNCTION = YES;
				GCC_WARN_UNUSED_VARIABLE = YES;
				IPHONEOS_DEPLOYMENT_TARGET = 14.5;
				MTL_ENABLE_DEBUG_INFO = INCLUDE_SOURCE;
				MTL_FAST_MATH = YES;
				ONLY_ACTIVE_ARCH = YES;
				SDKROOT = iphoneos;
				SWIFT_ACTIVE_COMPILATION_CONDITIONS = DEBUG;
				SWIFT_OPTIMIZATION_LEVEL = "-Onone";
			};
			name = Debug;
		};
		318CAB6D26A724910016A70A /* Release */ = {
			isa = XCBuildConfiguration;
			buildSettings = {
				ALWAYS_SEARCH_USER_PATHS = NO;
				CLANG_ANALYZER_NONNULL = YES;
				CLANG_ANALYZER_NUMBER_OBJECT_CONVERSION = YES_AGGRESSIVE;
				CLANG_CXX_LANGUAGE_STANDARD = "gnu++14";
				CLANG_CXX_LIBRARY = "libc++";
				CLANG_ENABLE_MODULES = YES;
				CLANG_ENABLE_OBJC_ARC = YES;
				CLANG_ENABLE_OBJC_WEAK = YES;
				CLANG_WARN_BLOCK_CAPTURE_AUTORELEASING = YES;
				CLANG_WARN_BOOL_CONVERSION = YES;
				CLANG_WARN_COMMA = YES;
				CLANG_WARN_CONSTANT_CONVERSION = YES;
				CLANG_WARN_DEPRECATED_OBJC_IMPLEMENTATIONS = YES;
				CLANG_WARN_DIRECT_OBJC_ISA_USAGE = YES_ERROR;
				CLANG_WARN_DOCUMENTATION_COMMENTS = YES;
				CLANG_WARN_EMPTY_BODY = YES;
				CLANG_WARN_ENUM_CONVERSION = YES;
				CLANG_WARN_INFINITE_RECURSION = YES;
				CLANG_WARN_INT_CONVERSION = YES;
				CLANG_WARN_NON_LITERAL_NULL_CONVERSION = YES;
				CLANG_WARN_OBJC_IMPLICIT_RETAIN_SELF = YES;
				CLANG_WARN_OBJC_LITERAL_CONVERSION = YES;
				CLANG_WARN_OBJC_ROOT_CLASS = YES_ERROR;
				CLANG_WARN_QUOTED_INCLUDE_IN_FRAMEWORK_HEADER = YES;
				CLANG_WARN_RANGE_LOOP_ANALYSIS = YES;
				CLANG_WARN_STRICT_PROTOTYPES = YES;
				CLANG_WARN_SUSPICIOUS_MOVE = YES;
				CLANG_WARN_UNGUARDED_AVAILABILITY = YES_AGGRESSIVE;
				CLANG_WARN_UNREACHABLE_CODE = YES;
				CLANG_WARN__DUPLICATE_METHOD_MATCH = YES;
				COPY_PHASE_STRIP = NO;
				DEBUG_INFORMATION_FORMAT = "dwarf-with-dsym";
				ENABLE_NS_ASSERTIONS = NO;
				ENABLE_STRICT_OBJC_MSGSEND = YES;
				GCC_C_LANGUAGE_STANDARD = gnu11;
				GCC_NO_COMMON_BLOCKS = YES;
				GCC_WARN_64_TO_32_BIT_CONVERSION = YES;
				GCC_WARN_ABOUT_RETURN_TYPE = YES_ERROR;
				GCC_WARN_UNDECLARED_SELECTOR = YES;
				GCC_WARN_UNINITIALIZED_AUTOS = YES_AGGRESSIVE;
				GCC_WARN_UNUSED_FUNCTION = YES;
				GCC_WARN_UNUSED_VARIABLE = YES;
				IPHONEOS_DEPLOYMENT_TARGET = 14.5;
				MTL_ENABLE_DEBUG_INFO = NO;
				MTL_FAST_MATH = YES;
				SDKROOT = iphoneos;
				SWIFT_COMPILATION_MODE = wholemodule;
				SWIFT_OPTIMIZATION_LEVEL = "-O";
				VALIDATE_PRODUCT = YES;
			};
			name = Release;
		};
		318CAB6F26A724910016A70A /* Debug */ = {
			isa = XCBuildConfiguration;
			buildSettings = {
				ASSETCATALOG_COMPILER_APPICON_NAME = AppIcon;
				ASSETCATALOG_COMPILER_GLOBAL_ACCENT_COLOR_NAME = AccentColor;
				CODE_SIGN_STYLE = Automatic;
				DEVELOPMENT_TEAM = 68ZWDW3GWY;
				INFOPLIST_FILE = Segues/Info.plist;
				LD_RUNPATH_SEARCH_PATHS = (
					"$(inherited)",
					"@executable_path/Frameworks",
				);
				PRODUCT_BUNDLE_IDENTIFIER = com.ishanicey.Segues;
				PRODUCT_NAME = "$(TARGET_NAME)";
				SWIFT_VERSION = 5.0;
				TARGETED_DEVICE_FAMILY = "1,2";
			};
			name = Debug;
		};
		318CAB7026A724910016A70A /* Release */ = {
			isa = XCBuildConfiguration;
			buildSettings = {
				ASSETCATALOG_COMPILER_APPICON_NAME = AppIcon;
				ASSETCATALOG_COMPILER_GLOBAL_ACCENT_COLOR_NAME = AccentColor;
				CODE_SIGN_STYLE = Automatic;
				DEVELOPMENT_TEAM = 68ZWDW3GWY;
				INFOPLIST_FILE = Segues/Info.plist;
				LD_RUNPATH_SEARCH_PATHS = (
					"$(inherited)",
					"@executable_path/Frameworks",
				);
				PRODUCT_BUNDLE_IDENTIFIER = com.ishanicey.Segues;
				PRODUCT_NAME = "$(TARGET_NAME)";
				SWIFT_VERSION = 5.0;
				TARGETED_DEVICE_FAMILY = "1,2";
			};
			name = Release;
		};
/* End XCBuildConfiguration section */

/* Begin XCConfigurationList section */
		318CAB5526A724900016A70A /* Build configuration list for PBXProject "Segues" */ = {
			isa = XCConfigurationList;
			buildConfigurations = (
				318CAB6C26A724910016A70A /* Debug */,
				318CAB6D26A724910016A70A /* Release */,
			);
			defaultConfigurationIsVisible = 0;
			defaultConfigurationName = Release;
		};
		318CAB6E26A724910016A70A /* Build configuration list for PBXNativeTarget "Segues" */ = {
			isa = XCConfigurationList;
			buildConfigurations = (
				318CAB6F26A724910016A70A /* Debug */,
				318CAB7026A724910016A70A /* Release */,
			);
			defaultConfigurationIsVisible = 0;
			defaultConfigurationName = Release;
		};
/* End XCConfigurationList section */
	};
	rootObject = 318CAB5226A724900016A70A /* Project object */;
}
